
Microsoft Visual Studio Solution File, Format Version 12.00
# Visual Studio Version 16
VisualStudioVersion = 16.0.29503.13
MinimumVisualStudioVersion = 10.0.40219.1
Project("{9A19103F-16F7-4668-BE54-9A1E7A4F7556}") = "try-a-collection-Bootmaga", "try-a-collection-Bootmaga.csproj", "{BE94AC98-38D0-4D62-ACF2-F33075FF94F2}"
EndProject
Global
	GlobalSection(SolutionConfigurationPlatforms) = preSolution
		Debug|Any CPU = Debug|Any CPU
		Release|Any CPU = Release|Any CPU
	EndGlobalSection
	GlobalSection(ProjectConfigurationPlatforms) = postSolution
		{BE94AC98-38D0-4D62-ACF2-F33075FF94F2}.Debug|Any CPU.ActiveCfg = Debug|Any CPU
		{BE94AC98-38D0-4D62-ACF2-F33075FF94F2}.Debug|Any CPU.Build.0 = Debug|Any CPU
		{BE94AC98-38D0-4D62-ACF2-F33075FF94F2}.Release|Any CPU.ActiveCfg = Release|Any CPU
		{BE94AC98-38D0-4D62-ACF2-F33075FF94F2}.Release|Any CPU.Build.0 = Release|Any CPU
	EndGlobalSection
	GlobalSection(SolutionProperties) = preSolution
		HideSolutionNode = FALSE
	EndGlobalSection
	GlobalSection(ExtensibilityGlobals) = postSolution
		SolutionGuid = {0257E5AF-2C44-4195-BF54-A683CCA33BC5}
	EndGlobalSection
EndGlobal
